lockfileVersion: '6.0'

settings:
  autoInstallPeers: true
  excludeLinksFromLockfile: false

importers:

  .:
    dependencies:
      '@dsh-market/plugin':
        specifier: link:/Users/marcus/.dsh/profiles/web/node_modules/@dsh-market/plugin
        version: link:../web/node_modules/@dsh-market/plugin
      '@local/dsh-browser':
        specifier: link:/Users/marcus/.dsh/extensions/dsh-browser
        version: link:../../extensions/dsh-browser
      '@local/dsh-code-intelligence':
        specifier: link:/Users/marcus/.dsh/extensions/dsh-code-intelligence
        version: link:../../extensions/dsh-code-intelligence
      '@local/dsh-compaction-v2':
        specifier: link:/Users/marcus/.dsh/extensions/dsh-compaction-v2
        version: link:../../extensions/dsh-compaction-v2
      '@local/dsh-cross-session':
        specifier: link:/Users/marcus/.dsh/extensions/dsh-cross-session
        version: link:../../extensions/dsh-cross-session
      '@local/dsh-dsbalance':
        specifier: link:/Users/marcus/.dsh/extensions/dsbalance-bundle
        version: link:../../extensions/dsbalance-bundle
      '@local/dsh-evals':
        specifier: link:/Users/marcus/.dsh/extensions/dsh-evals
        version: link:../../extensions/dsh-evals
      '@local/dsh-frontend-qa':
        specifier: link:/Users/marcus/.dsh/extensions/dsh-frontend-qa
        version: link:../../extensions/dsh-frontend-qa
      '@local/dsh-git':
        specifier: link:/Users/marcus/.dsh/extensions/dsh-git
        version: link:../../extensions/dsh-git
      '@local/dsh-intelligence':
        specifier: link:/Users/marcus/.dsh/extensions/dsh-intelligence
        version: link:../../extensions/dsh-intelligence
      '@local/dsh-memory':
        specifier: link:/Users/marcus/.dsh/extensions/dsh-memory
        version: link:../../extensions/dsh-memory
      '@local/dsh-screen':
        specifier: link:/Users/marcus/.dsh/extensions/dsh-screen
        version: link:../../extensions/dsh-screen
      '@local/dsh-shrimp-shell':
        specifier: link:/Users/marcus/.dsh/extensions/shrimp-shell
        version: link:../../extensions/shrimp-shell
      '@local/dsh-tool-policy':
        specifier: link:/Users/marcus/.dsh/extensions/dsh-tool-policy
        version: link:../../extensions/dsh-tool-policy
      '@local/zhipu-media':
        specifier: link:/Users/marcus/.dsh/extensions/zhipu-media
        version: link:../../extensions/zhipu-media
