lockfileVersion: '6.0'

settings:
  autoInstallPeers: true
  excludeLinksFromLockfile: false

importers:

  .:
    dependencies:
      '@local/dsh-browser':
        specifier: link:/Users/marcus/.dsh/extensions/dsh-browser
        version: link:../../extensions/dsh-browser
      '@local/dsh-dsbalance':
        specifier: link:/Users/marcus/.dsh/extensions/dsbalance-bundle
        version: link:../../extensions/dsbalance-bundle
      '@local/dsh-git':
        specifier: link:/Users/marcus/.dsh/extensions/dsh-git
        version: link:../../extensions/dsh-git
      '@local/dsh-memory':
        specifier: link:/Users/marcus/.dsh/extensions/dsh-memory
        version: link:../../extensions/dsh-memory
      '@local/dsh-screen':
        specifier: link:/Users/marcus/.dsh/extensions/dsh-screen
        version: link:../../extensions/dsh-screen
      '@local/dsh-shrimp-shell':
        specifier: link:/Users/marcus/.dsh/extensions/shrimp-shell
        version: link:../../extensions/shrimp-shell
